
Microsoft Visual Studio Solution File, Format Version 12.00
# Visual Studio Version 16
VisualStudioVersion = 16.0.29306.81
MinimumVisualStudioVersion = 10.0.40219.1
Project("{FAE04EC0-301F-11D3-BF4B-00C04F79EFBC}") = "Projeto_01_Forca", "Projeto_01_Forca\Projeto_01_Forca.csproj", "{B2B2B026-1B36-44C0-BF14-A4146451FE1C}"
EndProject
Global
	GlobalSection(SolutionConfigurationPlatforms) = preSolution
		Debug|Any CPU = Debug|Any CPU
		Release|Any CPU = Release|Any CPU
	EndGlobalSection
	GlobalSection(ProjectConfigurationPlatforms) = postSolution
		{B2B2B026-1B36-44C0-BF14-A4146451FE1C}.Debug|Any CPU.ActiveCfg = Debug|Any CPU
		{B2B2B026-1B36-44C0-BF14-A4146451FE1C}.Debug|Any CPU.Build.0 = Debug|Any CPU
		{B2B2B026-1B36-44C0-BF14-A4146451FE1C}.Release|Any CPU.ActiveCfg = Release|Any CPU
		{B2B2B026-1B36-44C0-BF14-A4146451FE1C}.Release|Any CPU.Build.0 = Release|Any CPU
	EndGlobalSection
	GlobalSection(SolutionProperties) = preSolution
		HideSolutionNode = FALSE
	EndGlobalSection
	GlobalSection(ExtensibilityGlobals) = postSolution
		SolutionGuid = {8FB5F014-5FD9-463F-965D-1C400189A474}
	EndGlobalSection
EndGlobal
